
Microsoft Visual Studio Solution File, Format Version 12.00
# Visual Studio 15
VisualStudioVersion = 15.0.28307.271
MinimumVisualStudioVersion = 10.0.40219.1
Project("{FAE04EC0-301F-11D3-BF4B-00C04F79EFBC}") = "BackendBankdb", "BackendBankdb\BackendBankdb.csproj", "{8CDD9EDF-EE17-4342-8FE8-1853BE0B4503}"
EndProject
Global
	GlobalSection(SolutionConfigurationPlatforms) = preSolution
		Debug|Any CPU = Debug|Any CPU
		Release|Any CPU = Release|Any CPU
	EndGlobalSection
	GlobalSection(ProjectConfigurationPlatforms) = postSolution
		{8CDD9EDF-EE17-4342-8FE8-1853BE0B4503}.Debug|Any CPU.ActiveCfg = Debug|Any CPU
		{8CDD9EDF-EE17-4342-8FE8-1853BE0B4503}.Debug|Any CPU.Build.0 = Debug|Any CPU
		{8CDD9EDF-EE17-4342-8FE8-1853BE0B4503}.Release|Any CPU.ActiveCfg = Release|Any CPU
		{8CDD9EDF-EE17-4342-8FE8-1853BE0B4503}.Release|Any CPU.Build.0 = Release|Any CPU
	EndGlobalSection
	GlobalSection(SolutionProperties) = preSolution
		HideSolutionNode = FALSE
	EndGlobalSection
	GlobalSection(ExtensibilityGlobals) = postSolution
		SolutionGuid = {09FDE88A-2291-438B-ABB1-160AD4D76714}
	EndGlobalSection
EndGlobal
